<?xml version="1.0" encoding="utf-8"?>
<Project ToolsVersion="4.0" xmlns="http://schemas.microsoft.com/developer/msbuild/2003">
  <ItemGroup>
    <Filter Include="ソース ファイル">
      <UniqueIdentifier>{4FC737F1-C7A5-4376-A066-2A32D752A2FF}</UniqueIdentifier>
      <Extensions>cpp;c;cc;cxx;def;odl;idl;hpj;bat;asm;asmx</Extensions>
    </Filter>
    <Filter Include="ヘッダー ファイル">
      <UniqueIdentifier>{93995380-89BD-4b04-88EB-625FBE52EBFB}</UniqueIdentifier>
      <Extensions>h;hh;hpp;hxx;hm;inl;inc;xsd</Extensions>
    </Filter>
    <Filter Include="リソース ファイル">
      <UniqueIdentifier>{67DA6AB6-F800-4c08-8B7A-83BB121AAD01}</UniqueIdentifier>
      <Extensions>rc;ico;cur;bmp;dlg;rc2;rct;bin;rgs;gif;jpg;jpeg;jpe;resx;tiff;tif;png;wav;mfcribbon-ms</Extensions>
    </Filter>
    <Filter Include="PlayerFile">
      <UniqueIdentifier>{49b8c163-d903-40cd-9b52-a9914aab3afb}</UniqueIdentifier>
    </Filter>
    <Filter Include="PlayerFile\cpp">
      <UniqueIdentifier>{291cbdb8-a4c0-44c2-8fac-b16aa6ceedd7}</UniqueIdentifier>
    </Filter>
    <Filter Include="PlayerFile\h">
      <UniqueIdentifier>{2d9fd3a9-ce46-42df-bd3c-a2e8aa753293}</UniqueIdentifier>
    </Filter>
    <Filter Include="Trap">
      <UniqueIdentifier>{074ff9e6-3634-44a9-9b2b-f57d8c9792da}</UniqueIdentifier>
    </Filter>
    <Filter Include="Trap\Rock">
      <UniqueIdentifier>{170b37b6-593c-4f2e-890c-792ad7e10cf3}</UniqueIdentifier>
    </Filter>
    <Filter Include="Trap\Rock\cpp">
      <UniqueIdentifier>{7a5c7ee9-4bcc-41f2-9381-627c4bc3e81b}</UniqueIdentifier>
    </Filter>
    <Filter Include="Trap\Rock\h">
      <UniqueIdentifier>{04e82489-55f9-4721-b283-367556f9680c}</UniqueIdentifier>
    </Filter>
    <Filter Include="Trap\Spear">
      <UniqueIdentifier>{39a46deb-877b-4127-bf11-f7d8413bc534}</UniqueIdentifier>
    </Filter>
    <Filter Include="Trap\Spear\cpp">
      <UniqueIdentifier>{5cd03540-1d31-4d37-abd3-792d076a1139}</UniqueIdentifier>
    </Filter>
    <Filter Include="Trap\Spear\h">
      <UniqueIdentifier>{5cc3077b-2924-4ebb-bee7-00ef8cc57de7}</UniqueIdentifier>
    </Filter>
  </ItemGroup>
  <ItemGroup>
    <ClCompile Include="Entry.cpp">
      <Filter>ソース ファイル</Filter>
    </ClCompile>
    <ClCompile Include="GameFrame.cpp">
      <Filter>ソース ファイル</Filter>
    </ClCompile>
    <ClCompile Include="SceneGame.cpp">
      <Filter>ソース ファイル</Filter>
    </ClCompile>
    <ClCompile Include="SceneManager.cpp">
      <Filter>ソース ファイル</Filter>
    </ClCompile>
    <ClCompile Include="SceneTitle.cpp">
      <Filter>ソース ファイル</Filter>
    </ClCompile>
    <ClCompile Include="System.cpp">
      <Filter>ソース ファイル</Filter>
    </ClCompile>
    <ClCompile Include="PlayerBase.cpp">
      <Filter>PlayerFile\cpp</Filter>
    </ClCompile>
    <ClCompile Include="PlayerRender.cpp">
      <Filter>PlayerFile\cpp</Filter>
    </ClCompile>
    <ClCompile Include="PlayerUpdater.cpp">
      <Filter>PlayerFile\cpp</Filter>
    </ClCompile>
    <ClCompile Include="PlayerManager.cpp">
      <Filter>PlayerFile\cpp</Filter>
    </ClCompile>
    <ClCompile Include="RockUpdater.cpp">
      <Filter>Trap\Rock\cpp</Filter>
    </ClCompile>
    <ClCompile Include="RockManager.cpp">
      <Filter>Trap\Rock\cpp</Filter>
    </ClCompile>
    <ClCompile Include="Rock.cpp">
      <Filter>Trap\Rock\cpp</Filter>
    </ClCompile>
    <ClCompile Include="RockRender.cpp">
      <Filter>Trap\Rock\cpp</Filter>
    </ClCompile>
    <ClCompile Include="CameraMAnager.cpp">
      <Filter>ソース ファイル</Filter>
    </ClCompile>
    <ClCompile Include="PlayerNavigation.cpp">
      <Filter>PlayerFile\cpp</Filter>
    </ClCompile>
    <ClCompile Include="Spear.cpp">
      <Filter>Trap\Spear\cpp</Filter>
    </ClCompile>
    <ClCompile Include="SpearUpdater.cpp">
      <Filter>Trap\Spear\cpp</Filter>
    </ClCompile>
    <ClCompile Include="SpearRender.cpp">
      <Filter>Trap\Spear\cpp</Filter>
    </ClCompile>
    <ClCompile Include="SpearManager.cpp">
      <Filter>Trap\Spear\cpp</Filter>
    </ClCompile>
    <ClCompile Include="GamesController.cpp">
      <Filter>ソース ファイル</Filter>
    </ClCompile>
    <ClCompile Include="Sphere.cpp">
      <Filter>ソース ファイル</Filter>
    </ClCompile>
    <ClCompile Include="SphereRay.cpp">
      <Filter>ソース ファイル</Filter>
    </ClCompile>
  </ItemGroup>
  <ItemGroup>
    <ClInclude Include="SceneBase.h">
      <Filter>ヘッダー ファイル</Filter>
    </ClInclude>
    <ClInclude Include="SceneGame.h">
      <Filter>ヘッダー ファイル</Filter>
    </ClInclude>
    <ClInclude Include="SceneManager.h">
      <Filter>ヘッダー ファイル</Filter>
    </ClInclude>
    <ClInclude Include="SceneTitle.h">
      <Filter>ヘッダー ファイル</Filter>
    </ClInclude>
    <ClInclude Include="System.h">
      <Filter>ヘッダー ファイル</Filter>
    </ClInclude>
    <ClInclude Include="GameFrame.h">
      <Filter>ヘッダー ファイル</Filter>
    </ClInclude>
    <ClInclude Include="PlayerBase.h">
      <Filter>PlayerFile\h</Filter>
    </ClInclude>
    <ClInclude Include="PlayerRender.h">
      <Filter>PlayerFile\h</Filter>
    </ClInclude>
    <ClInclude Include="PlayerUpdater.h">
      <Filter>PlayerFile\h</Filter>
    </ClInclude>
    <ClInclude Include="PlayerManager.h">
      <Filter>PlayerFile\h</Filter>
    </ClInclude>
    <ClInclude Include="Rock.h">
      <Filter>Trap\Rock\h</Filter>
    </ClInclude>
    <ClInclude Include="RockManager.h">
      <Filter>Trap\Rock\h</Filter>
    </ClInclude>
    <ClInclude Include="RockRender.h">
      <Filter>Trap\Rock\h</Filter>
    </ClInclude>
    <ClInclude Include="RockUpdater.h">
      <Filter>Trap\Rock\h</Filter>
    </ClInclude>
    <ClInclude Include="CameraMAnager.h">
      <Filter>ヘッダー ファイル</Filter>
    </ClInclude>
    <ClInclude Include="PlayerNavigation.h">
      <Filter>PlayerFile\h</Filter>
    </ClInclude>
    <ClInclude Include="SpearUpdater.h">
      <Filter>Trap\Spear\h</Filter>
    </ClInclude>
    <ClInclude Include="SpearRender.h">
      <Filter>Trap\Spear\h</Filter>
    </ClInclude>
    <ClInclude Include="SpearManager.h">
      <Filter>Trap\Spear\h</Filter>
    </ClInclude>
    <ClInclude Include="Spear.h">
      <Filter>Trap\Spear\h</Filter>
    </ClInclude>
    <ClInclude Include="GamesController.h">
      <Filter>ヘッダー ファイル</Filter>
    </ClInclude>
    <ClInclude Include="Sphere.h">
      <Filter>ヘッダー ファイル</Filter>
    </ClInclude>
  </ItemGroup>
  <ItemGroup>
    <None Include="Box_Sample.fbx" />
  </ItemGroup>
</Project>